{
    "name": "parse-migrations",
    "version": "0.1.1",
    "lockfileVersion": 1,
    "requires": true,
    "dependencies": {
        "@babel/runtime": {
            "version": "7.14.8",
            "resolved": "https://registry.npmjs.org/@babel/runtime/-/runtime-7.14.8.tgz",
            "integrity": "sha512-twj3L8Og5SaCRCErB4x4ajbvBIVV77CGeFglHpeg5WC5FF8TZzBWXtTJ4MqaD9QszLYTtr+IsaAL2rEUevb+eg==",
            "requires": {
                "regenerator-runtime": "^0.13.4"
            }
        },
        "@babel/runtime-corejs3": {
            "version": "7.14.6",
            "resolved": "https://registry.npmjs.org/@babel/runtime-corejs3/-/runtime-corejs3-7.14.6.tgz",
            "integrity": "sha512-Xl8SPYtdjcMoCsIM4teyVRg7jIcgl8F2kRtoCcXuHzXswt9UxZCS6BzRo8fcnCuP6u2XtPgvyonmEPF57Kxo9Q==",
            "requires": {
                "core-js-pure": "^3.14.0",
                "regenerator-runtime": "^0.13.4"
            }
        },
        "@types/node": {
            "version": "16.11.1",
            "resolved": "https://registry.npmjs.org/@types/node/-/node-16.11.1.tgz",
            "integrity": "sha512-PYGcJHL9mwl1Ek3PLiYgyEKtwTMmkMw4vbiyz/ps3pfdRYLVv+SN7qHVAImrjdAXxgluDEw6Ph4lyv+m9UpRmA==",
            "dev": true
        },
        "@types/parse": {
            "version": "2.18.13",
            "resolved": "https://registry.npmjs.org/@types/parse/-/parse-2.18.13.tgz",
            "integrity": "sha512-FtdfzurcGArAEHAraJUfkLz9IDeIIArPzReX4Z810A+RKkwPdNiUrwxbLJZSw0Ya5wu4jixCJR6BdxnFZ7Q6dA==",
            "dev": true,
            "requires": {
                "@types/node": "*"
            }
        },
        "core-js-pure": {
            "version": "3.18.3",
            "resolved": "https://registry.npmjs.org/core-js-pure/-/core-js-pure-3.18.3.tgz",
            "integrity": "sha512-qfskyO/KjtbYn09bn1IPkuhHl5PlJ6IzJ9s9sraJ1EqcuGyLGKzhSM1cY0zgyL9hx42eulQLZ6WaeK5ycJCkqw=="
        },
        "crypto-js": {
            "version": "4.1.1",
            "resolved": "https://registry.npmjs.org/crypto-js/-/crypto-js-4.1.1.tgz",
            "integrity": "sha512-o2JlM7ydqd3Qk9CA0L4NL6mTzU2sdx96a+oOfPu8Mkl/PK51vSyoi8/rQ8NknZtk44vq15lmhAj9CIAGwgeWKw==",
            "optional": true
        },
        "dotenv": {
            "version": "10.0.0",
            "resolved": "https://registry.npmjs.org/dotenv/-/dotenv-10.0.0.tgz",
            "integrity": "sha512-rlBi9d8jpv9Sf1klPjNfFAuWDjKLwTIJJ/VxtoTwIR6hnZxcEOQCZg2oIL3MWBYw5GpUDKOEnND7LXTbIpQ03Q=="
        },
        "esm": {
            "version": "3.2.25",
            "resolved": "https://registry.npmjs.org/esm/-/esm-3.2.25.tgz",
            "integrity": "sha512-U1suiZ2oDVWv4zPO56S0NcR5QriEahGtdN2OR6FiOG4WJvcjBVFB0qI4+eKoWFH483PKGuLuu6V8Z4T5g63UVA==",
            "dev": true
        },
        "idb-keyval": {
            "version": "5.0.6",
            "resolved": "https://registry.npmjs.org/idb-keyval/-/idb-keyval-5.0.6.tgz",
            "integrity": "sha512-6lJuVbwyo82mKSH6Wq2eHkt9LcbwHAelMIcMe0tP4p20Pod7tTxq9zf0ge2n/YDfMOpDryerfmmYyuQiaFaKOg=="
        },
        "install": {
            "version": "0.13.0",
            "resolved": "https://registry.npmjs.org/install/-/install-0.13.0.tgz",
            "integrity": "sha512-zDml/jzr2PKU9I8J/xyZBQn8rPCAY//UOYNmR01XwNwyfhEWObo2SWfSl1+0tm1u6PhxLwDnfsT/6jB7OUxqFA==",
            "dev": true
        },
        "parse": {
            "version": "3.3.1",
            "resolved": "https://registry.npmjs.org/parse/-/parse-3.3.1.tgz",
            "integrity": "sha512-jrb8tpeanh49lIXuQYbaJoMzywX9YiBtM17aCvYGfaHYJipSTHABA774t8IZap+F8Pb4GgZ0fM4ObfiuO4395A==",
            "requires": {
                "@babel/runtime": "7.14.8",
                "@babel/runtime-corejs3": "7.14.6",
                "crypto-js": "4.1.1",
                "idb-keyval": "5.0.6",
                "react-native-crypto-js": "1.0.0",
                "uuid": "3.4.0",
                "ws": "7.5.0",
                "xmlhttprequest": "1.8.0"
            }
        },
        "react-native-crypto-js": {
            "version": "1.0.0",
            "resolved": "https://registry.npmjs.org/react-native-crypto-js/-/react-native-crypto-js-1.0.0.tgz",
            "integrity": "sha512-FNbLuG/HAdapQoybeZSoes1PWdOj0w242gb+e1R0hicf3Gyj/Mf8M9NaED2AnXVOX01b2FXomwUiw1xP1K+8sA=="
        },
        "regenerator-runtime": {
            "version": "0.13.9",
            "resolved": "https://registry.npmjs.org/regenerator-runtime/-/regenerator-runtime-0.13.9.tgz",
            "integrity": "sha512-p3VT+cOEgxFsRRA9X4lkI1E+k2/CtnKtU4gcxyaCUreilL/vqI6CdZ3wxVUx3UOUg+gnUOQQcRI7BmSI656MYA=="
        },
        "typescript": {
            "version": "4.4.4",
            "resolved": "https://registry.npmjs.org/typescript/-/typescript-4.4.4.tgz",
            "integrity": "sha512-DqGhF5IKoBl8WNf8C1gu8q0xZSInh9j1kJJMqT3a94w1JzVaBU4EXOSMrz9yDqMT0xt3selp83fuFMQ0uzv6qA==",
            "dev": true
        },
        "uuid": {
            "version": "3.4.0",
            "resolved": "https://registry.npmjs.org/uuid/-/uuid-3.4.0.tgz",
            "integrity": "sha512-HjSDRw6gZE5JMggctHBcjVak08+KEVhSIiDzFnT9S9aegmp85S/bReBVTb4QTFaRNptJ9kuYaNhnbNEOkbKb/A=="
        },
        "ws": {
            "version": "7.5.0",
            "resolved": "https://registry.npmjs.org/ws/-/ws-7.5.0.tgz",
            "integrity": "sha512-6ezXvzOZupqKj4jUqbQ9tXuJNo+BR2gU8fFRk3XCP3e0G6WT414u5ELe6Y0vtp7kmSJ3F7YWObSNr1ESsgi4vw=="
        },
        "xmlhttprequest": {
            "version": "1.8.0",
            "resolved": "https://registry.npmjs.org/xmlhttprequest/-/xmlhttprequest-1.8.0.tgz",
            "integrity": "sha1-Z/4HXFwk/vOfnWX197f+dRcZaPw="
        }
    }
}
